
Microsoft Visual Studio Solution File, Format Version 12.00
# Visual Studio 15
VisualStudioVersion = 15.0.28307.421
MinimumVisualStudioVersion = 10.0.40219.1
Project("{FAE04EC0-301F-11D3-BF4B-00C04F79EFBC}") = "TryAgain", "TryAgain\TryAgain.csproj", "{E070399E-8ACD-45B2-B91C-E129047581FB}"
EndProject
Global
	GlobalSection(SolutionConfigurationPlatforms) = preSolution
		Debug|Any CPU = Debug|Any CPU
		Release|Any CPU = Release|Any CPU
	EndGlobalSection
	GlobalSection(ProjectConfigurationPlatforms) = postSolution
		{E070399E-8ACD-45B2-B91C-E129047581FB}.Debug|Any CPU.ActiveCfg = Debug|Any CPU
		{E070399E-8ACD-45B2-B91C-E129047581FB}.Debug|Any CPU.Build.0 = Debug|Any CPU
		{E070399E-8ACD-45B2-B91C-E129047581FB}.Release|Any CPU.ActiveCfg = Release|Any CPU
		{E070399E-8ACD-45B2-B91C-E129047581FB}.Release|Any CPU.Build.0 = Release|Any CPU
	EndGlobalSection
	GlobalSection(SolutionProperties) = preSolution
		HideSolutionNode = FALSE
	EndGlobalSection
	GlobalSection(ExtensibilityGlobals) = postSolution
		SolutionGuid = {82FCA29D-1C1D-4612-9713-691D110F28D5}
	EndGlobalSection
EndGlobal
